
Microsoft Visual Studio Solution File, Format Version 12.00
# Visual Studio Version 16
VisualStudioVersion = 16.0.31313.79
MinimumVisualStudioVersion = 10.0.40219.1
Project("{9A19103F-16F7-4668-BE54-9A1E7A4F7556}") = "MoviesApp.Entities", "MoviesApp.Entities\MoviesApp.Entities.csproj", "{430CEE06-DA0D-422A-A70D-229A6D136665}"
EndProject
Project("{9A19103F-16F7-4668-BE54-9A1E7A4F7556}") = "MoviesApp.DataAccess", "MoviesApp.DataAccess\MoviesApp.DataAccess.csproj", "{98814DEF-7320-43D7-A567-C0EB2EBB1BE2}"
EndProject
Project("{9A19103F-16F7-4668-BE54-9A1E7A4F7556}") = "MoviesApp.Business", "MoviesApp.Business\MoviesApp.Business.csproj", "{6EB58959-5852-4A98-8936-CCB87B0B0838}"
EndProject
Project("{9A19103F-16F7-4668-BE54-9A1E7A4F7556}") = "MoviesApp.WebAPI", "MoviesApp.WebAPI\MoviesApp.WebAPI.csproj", "{8CEC0E55-0DF1-48E0-9AC2-08B130546AC2}"
EndProject
Project("{FAE04EC0-301F-11D3-BF4B-00C04F79EFBC}") = "MoviesApp.MVC", "MoviesApp.MVC\MoviesApp.MVC.csproj", "{C087D51A-AD85-435B-857C-BB09698C502C}"
EndProject
Global
	GlobalSection(SolutionConfigurationPlatforms) = preSolution
		Debug|Any CPU = Debug|Any CPU
		Release|Any CPU = Release|Any CPU
	EndGlobalSection
	GlobalSection(ProjectConfigurationPlatforms) = postSolution
		{430CEE06-DA0D-422A-A70D-229A6D136665}.Debug|Any CPU.ActiveCfg = Debug|Any CPU
		{430CEE06-DA0D-422A-A70D-229A6D136665}.Debug|Any CPU.Build.0 = Debug|Any CPU
		{430CEE06-DA0D-422A-A70D-229A6D136665}.Release|Any CPU.ActiveCfg = Release|Any CPU
		{430CEE06-DA0D-422A-A70D-229A6D136665}.Release|Any CPU.Build.0 = Release|Any CPU
		{98814DEF-7320-43D7-A567-C0EB2EBB1BE2}.Debug|Any CPU.ActiveCfg = Debug|Any CPU
		{98814DEF-7320-43D7-A567-C0EB2EBB1BE2}.Debug|Any CPU.Build.0 = Debug|Any CPU
		{98814DEF-7320-43D7-A567-C0EB2EBB1BE2}.Release|Any CPU.ActiveCfg = Release|Any CPU
		{98814DEF-7320-43D7-A567-C0EB2EBB1BE2}.Release|Any CPU.Build.0 = Release|Any CPU
		{6EB58959-5852-4A98-8936-CCB87B0B0838}.Debug|Any CPU.ActiveCfg = Debug|Any CPU
		{6EB58959-5852-4A98-8936-CCB87B0B0838}.Debug|Any CPU.Build.0 = Debug|Any CPU
		{6EB58959-5852-4A98-8936-CCB87B0B0838}.Release|Any CPU.ActiveCfg = Release|Any CPU
		{6EB58959-5852-4A98-8936-CCB87B0B0838}.Release|Any CPU.Build.0 = Release|Any CPU
		{8CEC0E55-0DF1-48E0-9AC2-08B130546AC2}.Debug|Any CPU.ActiveCfg = Debug|Any CPU
		{8CEC0E55-0DF1-48E0-9AC2-08B130546AC2}.Debug|Any CPU.Build.0 = Debug|Any CPU
		{8CEC0E55-0DF1-48E0-9AC2-08B130546AC2}.Release|Any CPU.ActiveCfg = Release|Any CPU
		{8CEC0E55-0DF1-48E0-9AC2-08B130546AC2}.Release|Any CPU.Build.0 = Release|Any CPU
		{C087D51A-AD85-435B-857C-BB09698C502C}.Debug|Any CPU.ActiveCfg = Debug|Any CPU
		{C087D51A-AD85-435B-857C-BB09698C502C}.Debug|Any CPU.Build.0 = Debug|Any CPU
		{C087D51A-AD85-435B-857C-BB09698C502C}.Release|Any CPU.ActiveCfg = Release|Any CPU
		{C087D51A-AD85-435B-857C-BB09698C502C}.Release|Any CPU.Build.0 = Release|Any CPU
	EndGlobalSection
	GlobalSection(SolutionProperties) = preSolution
		HideSolutionNode = FALSE
	EndGlobalSection
	GlobalSection(ExtensibilityGlobals) = postSolution
		SolutionGuid = {930BA7AD-176A-4293-AF91-EC69DA7E8215}
	EndGlobalSection
EndGlobal
